{
  "version": 4,
  "terraform_version": "0.12.2",
  "serial": 12,
  "lineage": "8873a872-7d35-bfe4-3d77-f8f6fd7445c3",
  "outputs": {},
  "resources": [
    {
      "mode": "managed",
      "type": "google_compute_instance",
      "name": "instance-",
      "each": "list",
      "provider": "provider.google",
      "instances": [
        {
          "index_key": 0,
          "schema_version": 6,
          "attributes": {
            "allow_stopping_for_update": null,
            "attached_disk": [],
            "boot_disk": [
              {
                "auto_delete": true,
                "device_name": "persistent-disk-0",
                "disk_encryption_key_raw": "",
                "disk_encryption_key_sha256": "",
                "initialize_params": [
                  {
                    "image": "https://www.googleapis.com/compute/v1/projects/centos-cloud/global/images/centos-7-v20190619",
                    "size": 10,
                    "type": "pd-standard"
                  }
                ],
                "kms_key_self_link": "",
                "source": "https://www.googleapis.com/compute/v1/projects/altran/zones/europe-west1-b/disks/instance-0"
              }
            ],
            "can_ip_forward": false,
            "cpu_platform": "Intel Haswell",
            "deletion_protection": false,
            "description": null,
            "disk": [],
            "guest_accelerator": [],
            "hostname": "",
            "id": "instance-0",
            "instance_id": "6822928879052024342",
            "label_fingerprint": "42WmSpB8rSM=",
            "labels": null,
            "machine_type": "n1-standard-2",
            "metadata": {
              "sshKeys": "centos:ssh-rsa AAAAB3NzaC1yc2EAAAADAQABAAABAQCcURfz0epDsxSutfAEL/Tl0RfPZcNcdHfLA9q902sUBznBh/meojUD0AI4WyA+K6YLC4v4RwiX9cWDEw5kiKVkOLnnNMc3ArDmsqvohg0AsJL3v5d9yB02AwvVK96cRBMvI5weepn/qJOg1CBZauc+A2yhNn6o+KO/JckMQpdRxV9xgwfmcE0+Ehca2lMIqMfClcuTzNOTWrJ+iNJS//HNdcIH1XBs8YwUB3j48ZGIbgjtQz5RPKKQU6g7XG3EyDKxuZ6RzfCD0ANn+9GWnSTY9Z7DgvIzVcqC17vbAj1ILOLOrzJFel+Ufph2kXSnHkNSwJ3T0fOUiqqXzLhO530N itnow@mbp-de-sergio.home\n"
            },
            "metadata_fingerprint": "hlmskKc87TA=",
            "metadata_startup_script": "",
            "min_cpu_platform": "",
            "name": "instance-0",
            "network_interface": [
              {
                "access_config": [
                  {
                    "assigned_nat_ip": "",
                    "nat_ip": "34.77.176.116",
                    "network_tier": "PREMIUM",
                    "public_ptr_domain_name": ""
                  }
                ],
                "address": "",
                "alias_ip_range": [],
                "name": "nic0",
                "network": "https://www.googleapis.com/compute/v1/projects/altran/global/networks/default",
                "network_ip": "10.132.0.5",
                "subnetwork": "https://www.googleapis.com/compute/v1/projects/altran/regions/europe-west1/subnetworks/default",
                "subnetwork_project": "altran"
              }
            ],
            "project": "altran",
            "scheduling": [
              {
                "automatic_restart": true,
                "node_affinities": [],
                "on_host_maintenance": "MIGRATE",
                "preemptible": false
              }
            ],
            "scratch_disk": [
              {
                "interface": "SCSI"
              }
            ],
            "self_link": "https://www.googleapis.com/compute/v1/projects/altran/zones/europe-west1-b/instances/instance-0",
            "service_account": [],
            "shielded_instance_config": [],
            "tags": [
              "bar",
              "foo"
            ],
            "tags_fingerprint": "1gqCRgrww4E=",
            "timeouts": null,
            "zone": "europe-west1-b"
          },
          "private": "eyJlMmJmYjczMC1lY2FhLTExZTYtOGY4OC0zNDM2M2JjN2M0YzAiOnsiY3JlYXRlIjozNjAwMDAwMDAwMDAsImRlbGV0ZSI6MzYwMDAwMDAwMDAwLCJ1cGRhdGUiOjM2MDAwMDAwMDAwMH0sInNjaGVtYV92ZXJzaW9uIjoiNiJ9"
        },
        {
          "index_key": 1,
          "schema_version": 6,
          "attributes": {
            "allow_stopping_for_update": null,
            "attached_disk": [],
            "boot_disk": [
              {
                "auto_delete": true,
                "device_name": "persistent-disk-0",
                "disk_encryption_key_raw": "",
                "disk_encryption_key_sha256": "",
                "initialize_params": [
                  {
                    "image": "https://www.googleapis.com/compute/v1/projects/centos-cloud/global/images/centos-7-v20190619",
                    "size": 10,
                    "type": "pd-standard"
                  }
                ],
                "kms_key_self_link": "",
                "source": "https://www.googleapis.com/compute/v1/projects/altran/zones/europe-west1-b/disks/instance-1"
              }
            ],
            "can_ip_forward": false,
            "cpu_platform": "Intel Haswell",
            "deletion_protection": false,
            "description": null,
            "disk": [],
            "guest_accelerator": [],
            "hostname": "",
            "id": "instance-1",
            "instance_id": "674700378992175638",
            "label_fingerprint": "42WmSpB8rSM=",
            "labels": null,
            "machine_type": "n1-standard-2",
            "metadata": {
              "sshKeys": "centos:ssh-rsa AAAAB3NzaC1yc2EAAAADAQABAAABAQCcURfz0epDsxSutfAEL/Tl0RfPZcNcdHfLA9q902sUBznBh/meojUD0AI4WyA+K6YLC4v4RwiX9cWDEw5kiKVkOLnnNMc3ArDmsqvohg0AsJL3v5d9yB02AwvVK96cRBMvI5weepn/qJOg1CBZauc+A2yhNn6o+KO/JckMQpdRxV9xgwfmcE0+Ehca2lMIqMfClcuTzNOTWrJ+iNJS//HNdcIH1XBs8YwUB3j48ZGIbgjtQz5RPKKQU6g7XG3EyDKxuZ6RzfCD0ANn+9GWnSTY9Z7DgvIzVcqC17vbAj1ILOLOrzJFel+Ufph2kXSnHkNSwJ3T0fOUiqqXzLhO530N itnow@mbp-de-sergio.home\n"
            },
            "metadata_fingerprint": "hlmskKc87TA=",
            "metadata_startup_script": "",
            "min_cpu_platform": "",
            "name": "instance-1",
            "network_interface": [
              {
                "access_config": [
                  {
                    "assigned_nat_ip": "",
                    "nat_ip": "34.77.223.10",
                    "network_tier": "PREMIUM",
                    "public_ptr_domain_name": ""
                  }
                ],
                "address": "",
                "alias_ip_range": [],
                "name": "nic0",
                "network": "https://www.googleapis.com/compute/v1/projects/altran/global/networks/default",
                "network_ip": "10.132.0.3",
                "subnetwork": "https://www.googleapis.com/compute/v1/projects/altran/regions/europe-west1/subnetworks/default",
                "subnetwork_project": "altran"
              }
            ],
            "project": "altran",
            "scheduling": [
              {
                "automatic_restart": true,
                "node_affinities": [],
                "on_host_maintenance": "MIGRATE",
                "preemptible": false
              }
            ],
            "scratch_disk": [
              {
                "interface": "SCSI"
              }
            ],
            "self_link": "https://www.googleapis.com/compute/v1/projects/altran/zones/europe-west1-b/instances/instance-1",
            "service_account": [],
            "shielded_instance_config": [],
            "tags": [
              "bar",
              "foo"
            ],
            "tags_fingerprint": "1gqCRgrww4E=",
            "timeouts": null,
            "zone": "europe-west1-b"
          },
          "private": "eyJlMmJmYjczMC1lY2FhLTExZTYtOGY4OC0zNDM2M2JjN2M0YzAiOnsiY3JlYXRlIjozNjAwMDAwMDAwMDAsImRlbGV0ZSI6MzYwMDAwMDAwMDAwLCJ1cGRhdGUiOjM2MDAwMDAwMDAwMH0sInNjaGVtYV92ZXJzaW9uIjoiNiJ9"
        },
        {
          "index_key": 2,
          "schema_version": 6,
          "attributes": {
            "allow_stopping_for_update": null,
            "attached_disk": [],
            "boot_disk": [
              {
                "auto_delete": true,
                "device_name": "persistent-disk-0",
                "disk_encryption_key_raw": "",
                "disk_encryption_key_sha256": "",
                "initialize_params": [
                  {
                    "image": "https://www.googleapis.com/compute/v1/projects/centos-cloud/global/images/centos-7-v20190619",
                    "size": 10,
                    "type": "pd-standard"
                  }
                ],
                "kms_key_self_link": "",
                "source": "https://www.googleapis.com/compute/v1/projects/altran/zones/europe-west1-b/disks/instance-2"
              }
            ],
            "can_ip_forward": false,
            "cpu_platform": "Intel Haswell",
            "deletion_protection": false,
            "description": null,
            "disk": [],
            "guest_accelerator": [],
            "hostname": "",
            "id": "instance-2",
            "instance_id": "5096813606195325462",
            "label_fingerprint": "42WmSpB8rSM=",
            "labels": null,
            "machine_type": "n1-standard-2",
            "metadata": {
              "sshKeys": "centos:ssh-rsa AAAAB3NzaC1yc2EAAAADAQABAAABAQCcURfz0epDsxSutfAEL/Tl0RfPZcNcdHfLA9q902sUBznBh/meojUD0AI4WyA+K6YLC4v4RwiX9cWDEw5kiKVkOLnnNMc3ArDmsqvohg0AsJL3v5d9yB02AwvVK96cRBMvI5weepn/qJOg1CBZauc+A2yhNn6o+KO/JckMQpdRxV9xgwfmcE0+Ehca2lMIqMfClcuTzNOTWrJ+iNJS//HNdcIH1XBs8YwUB3j48ZGIbgjtQz5RPKKQU6g7XG3EyDKxuZ6RzfCD0ANn+9GWnSTY9Z7DgvIzVcqC17vbAj1ILOLOrzJFel+Ufph2kXSnHkNSwJ3T0fOUiqqXzLhO530N itnow@mbp-de-sergio.home\n"
            },
            "metadata_fingerprint": "hlmskKc87TA=",
            "metadata_startup_script": "",
            "min_cpu_platform": "",
            "name": "instance-2",
            "network_interface": [
              {
                "access_config": [
                  {
                    "assigned_nat_ip": "",
                    "nat_ip": "34.76.93.195",
                    "network_tier": "PREMIUM",
                    "public_ptr_domain_name": ""
                  }
                ],
                "address": "",
                "alias_ip_range": [],
                "name": "nic0",
                "network": "https://www.googleapis.com/compute/v1/projects/altran/global/networks/default",
                "network_ip": "10.132.0.4",
                "subnetwork": "https://www.googleapis.com/compute/v1/projects/altran/regions/europe-west1/subnetworks/default",
                "subnetwork_project": "altran"
              }
            ],
            "project": "altran",
            "scheduling": [
              {
                "automatic_restart": true,
                "node_affinities": [],
                "on_host_maintenance": "MIGRATE",
                "preemptible": false
              }
            ],
            "scratch_disk": [
              {
                "interface": "SCSI"
              }
            ],
            "self_link": "https://www.googleapis.com/compute/v1/projects/altran/zones/europe-west1-b/instances/instance-2",
            "service_account": [],
            "shielded_instance_config": [],
            "tags": [
              "bar",
              "foo"
            ],
            "tags_fingerprint": "1gqCRgrww4E=",
            "timeouts": null,
            "zone": "europe-west1-b"
          },
          "private": "eyJlMmJmYjczMC1lY2FhLTExZTYtOGY4OC0zNDM2M2JjN2M0YzAiOnsiY3JlYXRlIjozNjAwMDAwMDAwMDAsImRlbGV0ZSI6MzYwMDAwMDAwMDAwLCJ1cGRhdGUiOjM2MDAwMDAwMDAwMH0sInNjaGVtYV92ZXJzaW9uIjoiNiJ9"
        }
      ]
    }
  ]
}
